// !$*UTF8*$!
{
	archiveVersion = 1;
	classes = {
	};
	objectVersion = 56;
	objects = {

/* Begin PBXBuildFile section */
		2269C2C12AFBEA8200D1C805 /* ContentView.swift in Sources */ = {isa = PBXBuildFile; fileRef = 2269C2C02AFBEA8200D1C805 /* ContentView.swift */; };
		2269C2C32AFBEA8400D1C805 /* Assets.xcassets in Resources */ = {isa = PBXBuildFile; fileRef = 2269C2C22AFBEA8400D1C805 /* Assets.xcassets */; };
		2269C2C62AFBEA8400D1C805 /* Preview Assets.xcassets in Resources */ = {isa = PBXBuildFile; fileRef = 2269C2C52AFBEA8400D1C805 /* Preview Assets.xcassets */; };
		2269C2CD2AFCAF1500D1C805 /* CompassV.swift in Sources */ = {isa = PBXBuildFile; fileRef = 2269C2CC2AFCAF1500D1C805 /* CompassV.swift */; };
		2269C2D32AFCD04600D1C805 /* ContenViewModel.swift in Sources */ = {isa = PBXBuildFile; fileRef = 2269C2D22AFCD04600D1C805 /* ContenViewModel.swift */; };
		2269C2D52AFE50B900D1C805 /* InertialSystem.swift in Sources */ = {isa = PBXBuildFile; fileRef = 2269C2D42AFE50B900D1C805 /* InertialSystem.swift */; };
		22C65DBA2D5B8EE000E188FF /* MyCompassApp.swift in Sources */ = {isa = PBXBuildFile; fileRef = 22C65DB92D5B8EE000E188FF /* MyCompassApp.swift */; };
/* End PBXBuildFile section */

/* Begin PBXFileReference section */
		2269C2BB2AFBEA8200D1C805 /* MyCompass.app */ = {isa = PBXFileReference; explicitFileType = wrapper.application; includeInIndex = 0; path = MyCompass.app; sourceTree = BUILT_PRODUCTS_DIR; };
		2269C2C02AFBEA8200D1C805 /* ContentView.swift */ = {isa = PBXFileReference; lastKnownFileType = sourcecode.swift; path = ContentView.swift; sourceTree = "<group>"; };
		2269C2C22AFBEA8400D1C805 /* Assets.xcassets */ = {isa = PBXFileReference; lastKnownFileType = folder.assetcatalog; path = Assets.xcassets; sourceTree = "<group>"; };
		2269C2C52AFBEA8400D1C805 /* Preview Assets.xcassets */ = {isa = PBXFileReference; lastKnownFileType = folder.assetcatalog; path = "Preview Assets.xcassets"; sourceTree = "<group>"; };
		2269C2CC2AFCAF1500D1C805 /* CompassV.swift */ = {isa = PBXFileReference; lastKnownFileType = sourcecode.swift; path = CompassV.swift; sourceTree = "<group>"; };
		2269C2D22AFCD04600D1C805 /* ContenViewModel.swift */ = {isa = PBXFileReference; lastKnownFileType = sourcecode.swift; path = ContenViewModel.swift; sourceTree = "<group>"; };
		2269C2D42AFE50B900D1C805 /* InertialSystem.swift */ = {isa = PBXFileReference; lastKnownFileType = sourcecode.swift; path = InertialSystem.swift; sourceTree = "<group>"; };
		22C65DB92D5B8EE000E188FF /* MyCompassApp.swift */ = {isa = PBXFileReference; lastKnownFileType = sourcecode.swift; path = MyCompassApp.swift; sourceTree = "<group>"; };
		22C65DDE2D5B945D00E188FF /* en */ = {isa = PBXFileReference; lastKnownFileType = text.plist.strings; name = en; path = en.lproj/Localizable.strings; sourceTree = "<group>"; };
		22C65DE02D5B946200E188FF /* de */ = {isa = PBXFileReference; lastKnownFileType = text.plist.strings; name = de; path = de.lproj/Localizable.strings; sourceTree = "<group>"; };
/* End PBXFileReference section */

/* Begin PBXFrameworksBuildPhase section */
		2269C2B82AFBEA8200D1C805 /* Frameworks */ = {
			isa = PBXFrameworksBuildPhase;
			buildActionMask = 2147483647;
			files = (
			);
			runOnlyForDeploymentPostprocessing = 0;
		};
/* End PBXFrameworksBuildPhase section */

/* Begin PBXGroup section */
		2269C2B22AFBEA8200D1C805 = {
			isa = PBXGroup;
			children = (
				22C65DDF2D5B945D00E188FF /* Localizable.strings */,
				2269C2BD2AFBEA8200D1C805 /* Projectfiles */,
				2269C2BC2AFBEA8200D1C805 /* Products */,
			);
			sourceTree = "<group>";
		};
		2269C2BC2AFBEA8200D1C805 /* Products */ = {
			isa = PBXGroup;
			children = (
				2269C2BB2AFBEA8200D1C805 /* MyCompass.app */,
			);
			name = Products;
			sourceTree = "<group>";
		};
		2269C2BD2AFBEA8200D1C805 /* Projectfiles */ = {
			isa = PBXGroup;
			children = (
				2269C2CE2AFCCFE300D1C805 /* Compass */,
				2269C2C02AFBEA8200D1C805 /* ContentView.swift */,
				22C65DB92D5B8EE000E188FF /* MyCompassApp.swift */,
				2269C2C22AFBEA8400D1C805 /* Assets.xcassets */,
				2269C2C42AFBEA8400D1C805 /* Preview Content */,
			);
			path = Projectfiles;
			sourceTree = "<group>";
		};
		2269C2C42AFBEA8400D1C805 /* Preview Content */ = {
			isa = PBXGroup;
			children = (
				2269C2C52AFBEA8400D1C805 /* Preview Assets.xcassets */,
			);
			path = "Preview Content";
			sourceTree = "<group>";
		};
		2269C2CE2AFCCFE300D1C805 /* Compass */ = {
			isa = PBXGroup;
			children = (
				2269C2D12AFCD02600D1C805 /* ViewModel */,
				2269C2D02AFCD01A00D1C805 /* View */,
			);
			path = Compass;
			sourceTree = "<group>";
		};
		2269C2D02AFCD01A00D1C805 /* View */ = {
			isa = PBXGroup;
			children = (
				2269C2CC2AFCAF1500D1C805 /* CompassV.swift */,
				2269C2D42AFE50B900D1C805 /* InertialSystem.swift */,
			);
			path = View;
			sourceTree = "<group>";
		};
		2269C2D12AFCD02600D1C805 /* ViewModel */ = {
			isa = PBXGroup;
			children = (
				2269C2D22AFCD04600D1C805 /* ContenViewModel.swift */,
			);
			path = ViewModel;
			sourceTree = "<group>";
		};
/* End PBXGroup section */

/* Begin PBXNativeTarget section */
		2269C2BA2AFBEA8200D1C805 /* MyCompass */ = {
			isa = PBXNativeTarget;
			buildConfigurationList = 2269C2C92AFBEA8400D1C805 /* Build configuration list for PBXNativeTarget "MyCompass" */;
			buildPhases = (
				2269C2B72AFBEA8200D1C805 /* Sources */,
				2269C2B82AFBEA8200D1C805 /* Frameworks */,
				2269C2B92AFBEA8200D1C805 /* Resources */,
			);
			buildRules = (
			);
			dependencies = (
			);
			name = MyCompass;
			productName = Sensors;
			productReference = 2269C2BB2AFBEA8200D1C805 /* MyCompass.app */;
			productType = "com.apple.product-type.application";
		};
/* End PBXNativeTarget section */

/* Begin PBXProject section */
		2269C2B32AFBEA8200D1C805 /* Project object */ = {
			isa = PBXProject;
			attributes = {
				BuildIndependentTargetsInParallel = 1;
				LastSwiftUpdateCheck = 1500;
				LastUpgradeCheck = 1620;
				TargetAttributes = {
					2269C2BA2AFBEA8200D1C805 = {
						CreatedOnToolsVersion = 15.0.1;
					};
				};
			};
			buildConfigurationList = 2269C2B62AFBEA8200D1C805 /* Build configuration list for PBXProject "MyCompass" */;
			compatibilityVersion = "Xcode 14.0";
			developmentRegion = en;
			hasScannedForEncodings = 0;
			knownRegions = (
				en,
				Base,
				de,
			);
			mainGroup = 2269C2B22AFBEA8200D1C805;
			productRefGroup = 2269C2BC2AFBEA8200D1C805 /* Products */;
			projectDirPath = "";
			projectRoot = "";
			targets = (
				2269C2BA2AFBEA8200D1C805 /* MyCompass */,
			);
		};
/* End PBXProject section */

/* Begin PBXResourcesBuildPhase section */
		2269C2B92AFBEA8200D1C805 /* Resources */ = {
			isa = PBXResourcesBuildPhase;
			buildActionMask = 2147483647;
			files = (
				2269C2C62AFBEA8400D1C805 /* Preview Assets.xcassets in Resources */,
				2269C2C32AFBEA8400D1C805 /* Assets.xcassets in Resources */,
			);
			runOnlyForDeploymentPostprocessing = 0;
		};
/* End PBXResourcesBuildPhase section */

/* Begin PBXSourcesBuildPhase section */
		2269C2B72AFBEA8200D1C805 /* Sources */ = {
			isa = PBXSourcesBuildPhase;
			buildActionMask = 2147483647;
			files = (
				22C65DBA2D5B8EE000E188FF /* MyCompassApp.swift in Sources */,
				2269C2C12AFBEA8200D1C805 /* ContentView.swift in Sources */,
				2269C2D52AFE50B900D1C805 /* InertialSystem.swift in Sources */,
				2269C2CD2AFCAF1500D1C805 /* CompassV.swift in Sources */,
				2269C2D32AFCD04600D1C805 /* ContenViewModel.swift in Sources */,
			);
			runOnlyForDeploymentPostprocessing = 0;
		};
/* End PBXSourcesBuildPhase section */

/* Begin PBXVariantGroup section */
		22C65DDF2D5B945D00E188FF /* Localizable.strings */ = {
			isa = PBXVariantGroup;
			children = (
				22C65DDE2D5B945D00E188FF /* en */,
				22C65DE02D5B946200E188FF /* de */,
			);
			name = Localizable.strings;
			sourceTree = "<group>";
		};
/* End PBXVariantGroup section */

/* Begin XCBuildConfiguration section */
		2269C2C72AFBEA8400D1C805 /* Debug */ = {
			isa = XCBuildConfiguration;
			buildSettings = {
				ALWAYS_SEARCH_USER_PATHS = NO;
				ASSETCATALOG_COMPILER_GENERATE_SWIFT_ASSET_SYMBOL_EXTENSIONS = YES;
				CLANG_ANALYZER_LOCALIZABILITY_NONLOCALIZED = YES;
				CLANG_ANALYZER_NONNULL = YES;
				CLANG_ANALYZER_NUMBER_OBJECT_CONVERSION = YES_AGGRESSIVE;
				CLANG_CXX_LANGUAGE_STANDARD = "gnu++20";
				CLANG_ENABLE_MODULES = YES;
				CLANG_ENABLE_OBJC_ARC = YES;
				CLANG_ENABLE_OBJC_WEAK = YES;
				CLANG_WARN_BLOCK_CAPTURE_AUTORELEASING = YES;
				CLANG_WARN_BOOL_CONVERSION = YES;
				CLANG_WARN_COMMA = YES;
				CLANG_WARN_CONSTANT_CONVERSION = YES;
				CLANG_WARN_DEPRECATED_OBJC_IMPLEMENTATIONS = YES;
				CLANG_WARN_DIRECT_OBJC_ISA_USAGE = YES_ERROR;
				CLANG_WARN_DOCUMENTATION_COMMENTS = YES;
				CLANG_WARN_EMPTY_BODY = YES;
				CLANG_WARN_ENUM_CONVERSION = YES;
				CLANG_WARN_INFINITE_RECURSION = YES;
				CLANG_WARN_INT_CONVERSION = YES;
				CLANG_WARN_NON_LITERAL_NULL_CONVERSION = YES;
				CLANG_WARN_OBJC_IMPLICIT_RETAIN_SELF = YES;
				CLANG_WARN_OBJC_LITERAL_CONVERSION = YES;
				CLANG_WARN_OBJC_ROOT_CLASS = YES_ERROR;
				CLANG_WARN_QUOTED_INCLUDE_IN_FRAMEWORK_HEADER = YES;
				CLANG_WARN_RANGE_LOOP_ANALYSIS = YES;
				CLANG_WARN_STRICT_PROTOTYPES = YES;
				CLANG_WARN_SUSPICIOUS_MOVE = YES;
				CLANG_WARN_UNGUARDED_AVAILABILITY = YES_AGGRESSIVE;
				CLANG_WARN_UNREACHABLE_CODE = YES;
				CLANG_WARN__DUPLICATE_METHOD_MATCH = YES;
				COPY_PHASE_STRIP = NO;
				DEBUG_INFORMATION_FORMAT = dwarf;
				ENABLE_STRICT_OBJC_MSGSEND = YES;
				ENABLE_TESTABILITY = YES;
				ENABLE_USER_SCRIPT_SANDBOXING = YES;
				GCC_C_LANGUAGE_STANDARD = gnu17;
				GCC_DYNAMIC_NO_PIC = NO;
				GCC_NO_COMMON_BLOCKS = YES;
				GCC_OPTIMIZATION_LEVEL = 0;
				GCC_PREPROCESSOR_DEFINITIONS = (
					"DEBUG=1",
					"$(inherited)",
				);
				GCC_WARN_64_TO_32_BIT_CONVERSION = YES;
				GCC_WARN_ABOUT_RETURN_TYPE = YES_ERROR;
				GCC_WARN_UNDECLARED_SELECTOR = YES;
				GCC_WARN_UNINITIALIZED_AUTOS = YES_AGGRESSIVE;
				GCC_WARN_UNUSED_FUNCTION = YES;
				GCC_WARN_UNUSED_VARIABLE = YES;
				IPHONEOS_DEPLOYMENT_TARGET = 17.0;
				LOCALIZATION_PREFERS_STRING_CATALOGS = YES;
				MTL_ENABLE_DEBUG_INFO = INCLUDE_SOURCE;
				MTL_FAST_MATH = YES;
				ONLY_ACTIVE_ARCH = YES;
				SDKROOT = iphoneos;
				SWIFT_ACTIVE_COMPILATION_CONDITIONS = "DEBUG $(inherited)";
				SWIFT_OPTIMIZATION_LEVEL = "-Onone";
			};
			name = Debug;
		};
		2269C2C82AFBEA8400D1C805 /* Release */ = {
			isa = XCBuildConfiguration;
			buildSettings = {
				ALWAYS_SEARCH_USER_PATHS = NO;
				ASSETCATALOG_COMPILER_GENERATE_SWIFT_ASSET_SYMBOL_EXTENSIONS = YES;
				CLANG_ANALYZER_LOCALIZABILITY_NONLOCALIZED = YES;
				CLANG_ANALYZER_NONNULL = YES;
				CLANG_ANALYZER_NUMBER_OBJECT_CONVERSION = YES_AGGRESSIVE;
				CLANG_CXX_LANGUAGE_STANDARD = "gnu++20";
				CLANG_ENABLE_MODULES = YES;
				CLANG_ENABLE_OBJC_ARC = YES;
				CLANG_ENABLE_OBJC_WEAK = YES;
				CLANG_WARN_BLOCK_CAPTURE_AUTORELEASING = YES;
				CLANG_WARN_BOOL_CONVERSION = YES;
				CLANG_WARN_COMMA = YES;
				CLANG_WARN_CONSTANT_CONVERSION = YES;
				CLANG_WARN_DEPRECATED_OBJC_IMPLEMENTATIONS = YES;
				CLANG_WARN_DIRECT_OBJC_ISA_USAGE = YES_ERROR;
				CLANG_WARN_DOCUMENTATION_COMMENTS = YES;
				CLANG_WARN_EMPTY_BODY = YES;
				CLANG_WARN_ENUM_CONVERSION = YES;
				CLANG_WARN_INFINITE_RECURSION = YES;
				CLANG_WARN_INT_CONVERSION = YES;
				CLANG_WARN_NON_LITERAL_NULL_CONVERSION = YES;
				CLANG_WARN_OBJC_IMPLICIT_RETAIN_SELF = YES;
				CLANG_WARN_OBJC_LITERAL_CONVERSION = YES;
				CLANG_WARN_OBJC_ROOT_CLASS = YES_ERROR;
				CLANG_WARN_QUOTED_INCLUDE_IN_FRAMEWORK_HEADER = YES;
				CLANG_WARN_RANGE_LOOP_ANALYSIS = YES;
				CLANG_WARN_STRICT_PROTOTYPES = YES;
				CLANG_WARN_SUSPICIOUS_MOVE = YES;
				CLANG_WARN_UNGUARDED_AVAILABILITY = YES_AGGRESSIVE;
				CLANG_WARN_UNREACHABLE_CODE = YES;
				CLANG_WARN__DUPLICATE_METHOD_MATCH = YES;
				COPY_PHASE_STRIP = NO;
				DEBUG_INFORMATION_FORMAT = "dwarf-with-dsym";
				ENABLE_NS_ASSERTIONS = NO;
				ENABLE_STRICT_OBJC_MSGSEND = YES;
				ENABLE_USER_SCRIPT_SANDBOXING = YES;
				GCC_C_LANGUAGE_STANDARD = gnu17;
				GCC_NO_COMMON_BLOCKS = YES;
				GCC_WARN_64_TO_32_BIT_CONVERSION = YES;
				GCC_WARN_ABOUT_RETURN_TYPE = YES_ERROR;
				GCC_WARN_UNDECLARED_SELECTOR = YES;
				GCC_WARN_UNINITIALIZED_AUTOS = YES_AGGRESSIVE;
				GCC_WARN_UNUSED_FUNCTION = YES;
				GCC_WARN_UNUSED_VARIABLE = YES;
				IPHONEOS_DEPLOYMENT_TARGET = 17.0;
				LOCALIZATION_PREFERS_STRING_CATALOGS = YES;
				MTL_ENABLE_DEBUG_INFO = NO;
				MTL_FAST_MATH = YES;
				SDKROOT = iphoneos;
				SWIFT_COMPILATION_MODE = wholemodule;
				VALIDATE_PRODUCT = YES;
			};
			name = Release;
		};
		2269C2CA2AFBEA8400D1C805 /* Debug */ = {
			isa = XCBuildConfiguration;
			buildSettings = {
				ASSETCATALOG_COMPILER_APPICON_NAME = AppIcon;
				ASSETCATALOG_COMPILER_GLOBAL_ACCENT_COLOR_NAME = AccentColor;
				CODE_SIGN_STYLE = Manual;
				CURRENT_PROJECT_VERSION = 1;
				DEVELOPMENT_ASSET_PATHS = "\"Projectfiles/Preview Content\"";
				DEVELOPMENT_TEAM = "";
				ENABLE_PREVIEWS = YES;
				GENERATE_INFOPLIST_FILE = YES;
				INFOPLIST_KEY_NSLocationWhenInUseUsageDescription = "compass input";
				INFOPLIST_KEY_UIApplicationSceneManifest_Generation = YES;
				INFOPLIST_KEY_UIApplicationSupportsIndirectInputEvents = YES;
				INFOPLIST_KEY_UILaunchScreen_Generation = YES;
				INFOPLIST_KEY_UISupportedInterfaceOrientations = UIInterfaceOrientationPortrait;
				LD_RUNPATH_SEARCH_PATHS = (
					"$(inherited)",
					"@executable_path/Frameworks",
				);
				MARKETING_VERSION = 1.0;
				PRODUCT_BUNDLE_IDENTIFIER = MyCompass;
				PRODUCT_NAME = "$(TARGET_NAME)";
				PROVISIONING_PROFILE_SPECIFIER = "";
				SUPPORTED_PLATFORMS = "iphoneos iphonesimulator";
				SUPPORTS_MACCATALYST = NO;
				SUPPORTS_XR_DESIGNED_FOR_IPHONE_IPAD = NO;
				SWIFT_EMIT_LOC_STRINGS = YES;
				SWIFT_VERSION = 5.0;
				TARGETED_DEVICE_FAMILY = "1,2";
			};
			name = Debug;
		};
		2269C2CB2AFBEA8400D1C805 /* Release */ = {
			isa = XCBuildConfiguration;
			buildSettings = {
				ASSETCATALOG_COMPILER_APPICON_NAME = AppIcon;
				ASSETCATALOG_COMPILER_GLOBAL_ACCENT_COLOR_NAME = AccentColor;
				CODE_SIGN_STYLE = Manual;
				CURRENT_PROJECT_VERSION = 1;
				DEVELOPMENT_ASSET_PATHS = "\"Projectfiles/Preview Content\"";
				DEVELOPMENT_TEAM = "";
				ENABLE_PREVIEWS = YES;
				GENERATE_INFOPLIST_FILE = YES;
				INFOPLIST_KEY_NSLocationWhenInUseUsageDescription = "compass input";
				INFOPLIST_KEY_UIApplicationSceneManifest_Generation = YES;
				INFOPLIST_KEY_UIApplicationSupportsIndirectInputEvents = YES;
				INFOPLIST_KEY_UILaunchScreen_Generation = YES;
				INFOPLIST_KEY_UISupportedInterfaceOrientations = UIInterfaceOrientationPortrait;
				LD_RUNPATH_SEARCH_PATHS = (
					"$(inherited)",
					"@executable_path/Frameworks",
				);
				MARKETING_VERSION = 1.0;
				PRODUCT_BUNDLE_IDENTIFIER = MyCompass;
				PRODUCT_NAME = "$(TARGET_NAME)";
				PROVISIONING_PROFILE_SPECIFIER = "";
				SUPPORTED_PLATFORMS = "iphoneos iphonesimulator";
				SUPPORTS_MACCATALYST = NO;
				SUPPORTS_XR_DESIGNED_FOR_IPHONE_IPAD = NO;
				SWIFT_EMIT_LOC_STRINGS = YES;
				SWIFT_VERSION = 5.0;
				TARGETED_DEVICE_FAMILY = "1,2";
			};
			name = Release;
		};
/* End XCBuildConfiguration section */

/* Begin XCConfigurationList section */
		2269C2B62AFBEA8200D1C805 /* Build configuration list for PBXProject "MyCompass" */ = {
			isa = XCConfigurationList;
			buildConfigurations = (
				2269C2C72AFBEA8400D1C805 /* Debug */,
				2269C2C82AFBEA8400D1C805 /* Release */,
			);
			defaultConfigurationIsVisible = 0;
			defaultConfigurationName = Release;
		};
		2269C2C92AFBEA8400D1C805 /* Build configuration list for PBXNativeTarget "MyCompass" */ = {
			isa = XCConfigurationList;
			buildConfigurations = (
				2269C2CA2AFBEA8400D1C805 /* Debug */,
				2269C2CB2AFBEA8400D1C805 /* Release */,
			);
			defaultConfigurationIsVisible = 0;
			defaultConfigurationName = Release;
		};
/* End XCConfigurationList section */
	};
	rootObject = 2269C2B32AFBEA8200D1C805 /* Project object */;
}
